
Microsoft Visual Studio Solution File, Format Version 11.00
# Visual Studio 2010
Project("{FAE04EC0-301F-11D3-BF4B-00C04F79EFBC}") = "ControlDeStock", "ControlDeStock\ControlDeStock.csproj", "{DF7B61C9-8837-4D5D-A3A3-A78B6FE72777}"
EndProject
Project("{FAE04EC0-301F-11D3-BF4B-00C04F79EFBC}") = "CapaConexion", "CapaConexion\CapaConexion.csproj", "{CE688AB7-779B-452B-A803-2EF3E40CC7EC}"
EndProject
Global
	GlobalSection(SolutionConfigurationPlatforms) = preSolution
		Debug|Any CPU = Debug|Any CPU
		Debug|Mixed Platforms = Debug|Mixed Platforms
		Debug|x86 = Debug|x86
		Release|Any CPU = Release|Any CPU
		Release|Mixed Platforms = Release|Mixed Platforms
		Release|x86 = Release|x86
	EndGlobalSection
	GlobalSection(ProjectConfigurationPlatforms) = postSolution
		{DF7B61C9-8837-4D5D-A3A3-A78B6FE72777}.Debug|Any CPU.ActiveCfg = Debug|x86
		{DF7B61C9-8837-4D5D-A3A3-A78B6FE72777}.Debug|Mixed Platforms.ActiveCfg = Debug|x86
		{DF7B61C9-8837-4D5D-A3A3-A78B6FE72777}.Debug|Mixed Platforms.Build.0 = Debug|x86
		{DF7B61C9-8837-4D5D-A3A3-A78B6FE72777}.Debug|x86.ActiveCfg = Debug|x86
		{DF7B61C9-8837-4D5D-A3A3-A78B6FE72777}.Debug|x86.Build.0 = Debug|x86
		{DF7B61C9-8837-4D5D-A3A3-A78B6FE72777}.Release|Any CPU.ActiveCfg = Release|x86
		{DF7B61C9-8837-4D5D-A3A3-A78B6FE72777}.Release|Mixed Platforms.ActiveCfg = Release|x86
		{DF7B61C9-8837-4D5D-A3A3-A78B6FE72777}.Release|Mixed Platforms.Build.0 = Release|x86
		{DF7B61C9-8837-4D5D-A3A3-A78B6FE72777}.Release|x86.ActiveCfg = Release|x86
		{DF7B61C9-8837-4D5D-A3A3-A78B6FE72777}.Release|x86.Build.0 = Release|x86
		{CE688AB7-779B-452B-A803-2EF3E40CC7EC}.Debug|Any CPU.ActiveCfg = Debug|Any CPU
		{CE688AB7-779B-452B-A803-2EF3E40CC7EC}.Debug|Any CPU.Build.0 = Debug|Any CPU
		{CE688AB7-779B-452B-A803-2EF3E40CC7EC}.Debug|Mixed Platforms.ActiveCfg = Debug|Any CPU
		{CE688AB7-779B-452B-A803-2EF3E40CC7EC}.Debug|Mixed Platforms.Build.0 = Debug|Any CPU
		{CE688AB7-779B-452B-A803-2EF3E40CC7EC}.Debug|x86.ActiveCfg = Debug|Any CPU
		{CE688AB7-779B-452B-A803-2EF3E40CC7EC}.Release|Any CPU.ActiveCfg = Release|Any CPU
		{CE688AB7-779B-452B-A803-2EF3E40CC7EC}.Release|Any CPU.Build.0 = Release|Any CPU
		{CE688AB7-779B-452B-A803-2EF3E40CC7EC}.Release|Mixed Platforms.ActiveCfg = Release|Any CPU
		{CE688AB7-779B-452B-A803-2EF3E40CC7EC}.Release|Mixed Platforms.Build.0 = Release|Any CPU
		{CE688AB7-779B-452B-A803-2EF3E40CC7EC}.Release|x86.ActiveCfg = Release|Any CPU
	EndGlobalSection
	GlobalSection(SolutionProperties) = preSolution
		HideSolutionNode = FALSE
	EndGlobalSection
EndGlobal
